
Microsoft Visual Studio Solution File, Format Version 12.00
# Visual Studio Version 17
VisualStudioVersion = 17.0.31903.59
MinimumVisualStudioVersion = 10.0.40219.1
Project("{FAE04EC0-301F-11D3-BF4B-00C04F79EFBC}") = "API", "API\API.csproj", "{4BE69E29-FBAD-4A0F-B2D0-571E64482F5A}"
EndProject
Project("{FAE04EC0-301F-11D3-BF4B-00C04F79EFBC}") = "Business", "Business\Business.csproj", "{2F4B3060-9C9D-4CD7-8F23-05B641F3D520}"
EndProject
Project("{FAE04EC0-301F-11D3-BF4B-00C04F79EFBC}") = "Data", "Data\Data.csproj", "{F67CBFED-6078-403E-BB04-BFCF9A9CB8BD}"
EndProject
Project("{FAE04EC0-301F-11D3-BF4B-00C04F79EFBC}") = "Core", "Core\Core.csproj", "{16D10EC6-D015-43C4-8341-EA553D2CAA8B}"
EndProject
Global
	GlobalSection(SolutionConfigurationPlatforms) = preSolution
		Debug|Any CPU = Debug|Any CPU
		Release|Any CPU = Release|Any CPU
	EndGlobalSection
	GlobalSection(SolutionProperties) = preSolution
		HideSolutionNode = FALSE
	EndGlobalSection
	GlobalSection(ProjectConfigurationPlatforms) = postSolution
		{4BE69E29-FBAD-4A0F-B2D0-571E64482F5A}.Debug|Any CPU.ActiveCfg = Debug|Any CPU
		{4BE69E29-FBAD-4A0F-B2D0-571E64482F5A}.Debug|Any CPU.Build.0 = Debug|Any CPU
		{4BE69E29-FBAD-4A0F-B2D0-571E64482F5A}.Release|Any CPU.ActiveCfg = Release|Any CPU
		{4BE69E29-FBAD-4A0F-B2D0-571E64482F5A}.Release|Any CPU.Build.0 = Release|Any CPU
		{2F4B3060-9C9D-4CD7-8F23-05B641F3D520}.Debug|Any CPU.ActiveCfg = Debug|Any CPU
		{2F4B3060-9C9D-4CD7-8F23-05B641F3D520}.Debug|Any CPU.Build.0 = Debug|Any CPU
		{2F4B3060-9C9D-4CD7-8F23-05B641F3D520}.Release|Any CPU.ActiveCfg = Release|Any CPU
		{2F4B3060-9C9D-4CD7-8F23-05B641F3D520}.Release|Any CPU.Build.0 = Release|Any CPU
		{F67CBFED-6078-403E-BB04-BFCF9A9CB8BD}.Debug|Any CPU.ActiveCfg = Debug|Any CPU
		{F67CBFED-6078-403E-BB04-BFCF9A9CB8BD}.Debug|Any CPU.Build.0 = Debug|Any CPU
		{F67CBFED-6078-403E-BB04-BFCF9A9CB8BD}.Release|Any CPU.ActiveCfg = Release|Any CPU
		{F67CBFED-6078-403E-BB04-BFCF9A9CB8BD}.Release|Any CPU.Build.0 = Release|Any CPU
		{16D10EC6-D015-43C4-8341-EA553D2CAA8B}.Debug|Any CPU.ActiveCfg = Debug|Any CPU
		{16D10EC6-D015-43C4-8341-EA553D2CAA8B}.Debug|Any CPU.Build.0 = Debug|Any CPU
		{16D10EC6-D015-43C4-8341-EA553D2CAA8B}.Release|Any CPU.ActiveCfg = Release|Any CPU
		{16D10EC6-D015-43C4-8341-EA553D2CAA8B}.Release|Any CPU.Build.0 = Release|Any CPU
	EndGlobalSection
EndGlobal
